
Microsoft Visual Studio Solution File, Format Version 12.00
# Visual Studio Version 17
VisualStudioVersion = 17.8.34322.80
MinimumVisualStudioVersion = 10.0.40219.1
Project("{9A19103F-16F7-4668-BE54-9A1E7A4F7556}") = "NTierArchitecture.WebAPI", "NTierArchitecture.WebAPI\NTierArchitecture.WebAPI.csproj", "{0D1976F8-BA2D-42FB-8B87-679ED47B3281}"
EndProject
Project("{9A19103F-16F7-4668-BE54-9A1E7A4F7556}") = "NTierArchitecture.Entities", "NTierArchitecture.Entities\NTierArchitecture.Entities.csproj", "{DF80EF0E-59AD-4863-8BB1-5AAFDF82A022}"
EndProject
Project("{FAE04EC0-301F-11D3-BF4B-00C04F79EFBC}") = "NTierArchitecture.DataAccess", "NTierArchitecture.DataAccess\NTierArchitecture.DataAccess.csproj", "{D8D00920-56B1-4EA2-9F27-36ABF6A8DDAA}"
EndProject
Project("{FAE04EC0-301F-11D3-BF4B-00C04F79EFBC}") = "NTierArchitecture.Business", "NTierArchitecture.Business\NTierArchitecture.Business.csproj", "{17E9FDB2-13AA-4920-BB78-A382DEA50AF7}"
EndProject
Global
	GlobalSection(SolutionConfigurationPlatforms) = preSolution
		Debug|Any CPU = Debug|Any CPU
		Release|Any CPU = Release|Any CPU
	EndGlobalSection
	GlobalSection(ProjectConfigurationPlatforms) = postSolution
		{0D1976F8-BA2D-42FB-8B87-679ED47B3281}.Debug|Any CPU.ActiveCfg = Debug|Any CPU
		{0D1976F8-BA2D-42FB-8B87-679ED47B3281}.Debug|Any CPU.Build.0 = Debug|Any CPU
		{0D1976F8-BA2D-42FB-8B87-679ED47B3281}.Release|Any CPU.ActiveCfg = Release|Any CPU
		{0D1976F8-BA2D-42FB-8B87-679ED47B3281}.Release|Any CPU.Build.0 = Release|Any CPU
		{DF80EF0E-59AD-4863-8BB1-5AAFDF82A022}.Debug|Any CPU.ActiveCfg = Debug|Any CPU
		{DF80EF0E-59AD-4863-8BB1-5AAFDF82A022}.Debug|Any CPU.Build.0 = Debug|Any CPU
		{DF80EF0E-59AD-4863-8BB1-5AAFDF82A022}.Release|Any CPU.ActiveCfg = Release|Any CPU
		{DF80EF0E-59AD-4863-8BB1-5AAFDF82A022}.Release|Any CPU.Build.0 = Release|Any CPU
		{D8D00920-56B1-4EA2-9F27-36ABF6A8DDAA}.Debug|Any CPU.ActiveCfg = Debug|Any CPU
		{D8D00920-56B1-4EA2-9F27-36ABF6A8DDAA}.Debug|Any CPU.Build.0 = Debug|Any CPU
		{D8D00920-56B1-4EA2-9F27-36ABF6A8DDAA}.Release|Any CPU.ActiveCfg = Release|Any CPU
		{D8D00920-56B1-4EA2-9F27-36ABF6A8DDAA}.Release|Any CPU.Build.0 = Release|Any CPU
		{17E9FDB2-13AA-4920-BB78-A382DEA50AF7}.Debug|Any CPU.ActiveCfg = Debug|Any CPU
		{17E9FDB2-13AA-4920-BB78-A382DEA50AF7}.Debug|Any CPU.Build.0 = Debug|Any CPU
		{17E9FDB2-13AA-4920-BB78-A382DEA50AF7}.Release|Any CPU.ActiveCfg = Release|Any CPU
		{17E9FDB2-13AA-4920-BB78-A382DEA50AF7}.Release|Any CPU.Build.0 = Release|Any CPU
	EndGlobalSection
	GlobalSection(SolutionProperties) = preSolution
		HideSolutionNode = FALSE
	EndGlobalSection
	GlobalSection(ExtensibilityGlobals) = postSolution
		SolutionGuid = {724A56A7-9C90-4812-9DA4-B31E40DD0779}
	EndGlobalSection
EndGlobal
